// !$*UTF8*$!
{
	archiveVersion = 1;
	classes = {
	};
	objectVersion = 50;
	objects = {

/* Begin PBXBuildFile section */
		3D9A6E4D25C6F1B000DF889B /* AppDelegate.swift in Sources */ = {isa = PBXBuildFile; fileRef = 3D9A6E4C25C6F1B000DF889B /* AppDelegate.swift */; };
		3D9A6E4F25C6F1B000DF889B /* SceneDelegate.swift in Sources */ = {isa = PBXBuildFile; fileRef = 3D9A6E4E25C6F1B000DF889B /* SceneDelegate.swift */; };
		3D9A6E5625C6F1B100DF889B /* Assets.xcassets in Resources */ = {isa = PBXBuildFile; fileRef = 3D9A6E5525C6F1B100DF889B /* Assets.xcassets */; };
		3D9A6E5925C6F1B100DF889B /* LaunchScreen.storyboard in Resources */ = {isa = PBXBuildFile; fileRef = 3D9A6E5725C6F1B100DF889B /* LaunchScreen.storyboard */; };
		3D9A6E6425C6F1B100DF889B /* ForaSoft_iTunesTests.swift in Sources */ = {isa = PBXBuildFile; fileRef = 3D9A6E6325C6F1B100DF889B /* ForaSoft_iTunesTests.swift */; };
		3D9A6E6F25C6F1B100DF889B /* ForaSoft_iTunesUITests.swift in Sources */ = {isa = PBXBuildFile; fileRef = 3D9A6E6E25C6F1B100DF889B /* ForaSoft_iTunesUITests.swift */; };
		3D9A6E8A25C74C2C00DF889B /* MainCollectionViewController.swift in Sources */ = {isa = PBXBuildFile; fileRef = 3D9A6E8925C74C2C00DF889B /* MainCollectionViewController.swift */; };
		3D9A6E8B25C74C2C00DF889B /* MainCollectionViewController.swift in Sources */ = {isa = PBXBuildFile; fileRef = 3D9A6E8925C74C2C00DF889B /* MainCollectionViewController.swift */; };
		3D9A6E8C25C74C2C00DF889B /* MainCollectionViewController.swift in Sources */ = {isa = PBXBuildFile; fileRef = 3D9A6E8925C74C2C00DF889B /* MainCollectionViewController.swift */; };
		3D9A6E9425C74C8A00DF889B /* NavigationViewController.swift in Sources */ = {isa = PBXBuildFile; fileRef = 3D9A6E9325C74C8A00DF889B /* NavigationViewController.swift */; };
		3D9A6E9525C74C8A00DF889B /* NavigationViewController.swift in Sources */ = {isa = PBXBuildFile; fileRef = 3D9A6E9325C74C8A00DF889B /* NavigationViewController.swift */; };
		3D9A6E9625C74C8A00DF889B /* NavigationViewController.swift in Sources */ = {isa = PBXBuildFile; fileRef = 3D9A6E9325C74C8A00DF889B /* NavigationViewController.swift */; };
		3D9A6F1A25C7896B00DF889B /* AlbumCell.swift in Sources */ = {isa = PBXBuildFile; fileRef = 3D9A6F1825C7896B00DF889B /* AlbumCell.swift */; };
		3D9A6F1B25C7896B00DF889B /* AlbumCell.swift in Sources */ = {isa = PBXBuildFile; fileRef = 3D9A6F1825C7896B00DF889B /* AlbumCell.swift */; };
		3D9A6F1C25C7896B00DF889B /* AlbumCell.swift in Sources */ = {isa = PBXBuildFile; fileRef = 3D9A6F1825C7896B00DF889B /* AlbumCell.swift */; };
		3D9A6F1D25C7896B00DF889B /* AlbumCell.xib in Resources */ = {isa = PBXBuildFile; fileRef = 3D9A6F1925C7896B00DF889B /* AlbumCell.xib */; };
		3D9A6F1E25C7896B00DF889B /* AlbumCell.xib in Resources */ = {isa = PBXBuildFile; fileRef = 3D9A6F1925C7896B00DF889B /* AlbumCell.xib */; };
		3D9A6F1F25C7896B00DF889B /* AlbumCell.xib in Resources */ = {isa = PBXBuildFile; fileRef = 3D9A6F1925C7896B00DF889B /* AlbumCell.xib */; };
		3D9A6F2925C78A1900DF889B /* Handler.swift in Sources */ = {isa = PBXBuildFile; fileRef = 3D9A6F2825C78A1900DF889B /* Handler.swift */; };
		3D9A6F2A25C78A1900DF889B /* Handler.swift in Sources */ = {isa = PBXBuildFile; fileRef = 3D9A6F2825C78A1900DF889B /* Handler.swift */; };
		3D9A6F2B25C78A1900DF889B /* Handler.swift in Sources */ = {isa = PBXBuildFile; fileRef = 3D9A6F2825C78A1900DF889B /* Handler.swift */; };
		3D9A6F3425C78A9C00DF889B /* Album.swift in Sources */ = {isa = PBXBuildFile; fileRef = 3D9A6F3325C78A9C00DF889B /* Album.swift */; };
		3D9A6F3525C78A9C00DF889B /* Album.swift in Sources */ = {isa = PBXBuildFile; fileRef = 3D9A6F3325C78A9C00DF889B /* Album.swift */; };
		3D9A6F3625C78A9C00DF889B /* Album.swift in Sources */ = {isa = PBXBuildFile; fileRef = 3D9A6F3325C78A9C00DF889B /* Album.swift */; };
		3D9A6F3E25C78AB100DF889B /* Request.swift in Sources */ = {isa = PBXBuildFile; fileRef = 3D9A6F3D25C78AB100DF889B /* Request.swift */; };
		3D9A6F3F25C78AB100DF889B /* Request.swift in Sources */ = {isa = PBXBuildFile; fileRef = 3D9A6F3D25C78AB100DF889B /* Request.swift */; };
		3D9A6F4025C78AB100DF889B /* Request.swift in Sources */ = {isa = PBXBuildFile; fileRef = 3D9A6F3D25C78AB100DF889B /* Request.swift */; };
		3D9A6F4525C78AC600DF889B /* Result.swift in Sources */ = {isa = PBXBuildFile; fileRef = 3D9A6F4425C78AC600DF889B /* Result.swift */; };
		3D9A6F4625C78AC600DF889B /* Result.swift in Sources */ = {isa = PBXBuildFile; fileRef = 3D9A6F4425C78AC600DF889B /* Result.swift */; };
		3D9A6F4725C78AC600DF889B /* Result.swift in Sources */ = {isa = PBXBuildFile; fileRef = 3D9A6F4425C78AC600DF889B /* Result.swift */; };
		3D9A6F4C25C78AD700DF889B /* Track.swift in Sources */ = {isa = PBXBuildFile; fileRef = 3D9A6F4B25C78AD700DF889B /* Track.swift */; };
		3D9A6F4D25C78AD700DF889B /* Track.swift in Sources */ = {isa = PBXBuildFile; fileRef = 3D9A6F4B25C78AD700DF889B /* Track.swift */; };
		3D9A6F4E25C78AD700DF889B /* Track.swift in Sources */ = {isa = PBXBuildFile; fileRef = 3D9A6F4B25C78AD700DF889B /* Track.swift */; };
		3D9A6F5325C78B4200DF889B /* IdNib.swift in Sources */ = {isa = PBXBuildFile; fileRef = 3D9A6F5225C78B4200DF889B /* IdNib.swift */; };
		3D9A6F5425C78B4200DF889B /* IdNib.swift in Sources */ = {isa = PBXBuildFile; fileRef = 3D9A6F5225C78B4200DF889B /* IdNib.swift */; };
		3D9A6F5525C78B4200DF889B /* IdNib.swift in Sources */ = {isa = PBXBuildFile; fileRef = 3D9A6F5225C78B4200DF889B /* IdNib.swift */; };
		3D9A6F5E25C791D000DF889B /* Storage.swift in Sources */ = {isa = PBXBuildFile; fileRef = 3D9A6F5D25C791D000DF889B /* Storage.swift */; };
		3D9A6F5F25C791D000DF889B /* Storage.swift in Sources */ = {isa = PBXBuildFile; fileRef = 3D9A6F5D25C791D000DF889B /* Storage.swift */; };
		3D9A6F6025C791D000DF889B /* Storage.swift in Sources */ = {isa = PBXBuildFile; fileRef = 3D9A6F5D25C791D000DF889B /* Storage.swift */; };
		3D9A6F6625C791FF00DF889B /* GETPOST.swift in Sources */ = {isa = PBXBuildFile; fileRef = 3D9A6F6525C791FF00DF889B /* GETPOST.swift */; };
		3D9A6F6725C791FF00DF889B /* GETPOST.swift in Sources */ = {isa = PBXBuildFile; fileRef = 3D9A6F6525C791FF00DF889B /* GETPOST.swift */; };
		3D9A6F6825C791FF00DF889B /* GETPOST.swift in Sources */ = {isa = PBXBuildFile; fileRef = 3D9A6F6525C791FF00DF889B /* GETPOST.swift */; };
		3D9A6F7025C7921E00DF889B /* API.swift in Sources */ = {isa = PBXBuildFile; fileRef = 3D9A6F6F25C7921E00DF889B /* API.swift */; };
		3D9A6F7125C7921E00DF889B /* API.swift in Sources */ = {isa = PBXBuildFile; fileRef = 3D9A6F6F25C7921E00DF889B /* API.swift */; };
		3D9A6F7225C7921E00DF889B /* API.swift in Sources */ = {isa = PBXBuildFile; fileRef = 3D9A6F6F25C7921E00DF889B /* API.swift */; };
		3D9A6F7825C7924500DF889B /* URLS.swift in Sources */ = {isa = PBXBuildFile; fileRef = 3D9A6F7725C7924500DF889B /* URLS.swift */; };
		3D9A6F7925C7924500DF889B /* URLS.swift in Sources */ = {isa = PBXBuildFile; fileRef = 3D9A6F7725C7924500DF889B /* URLS.swift */; };
		3D9A6F7A25C7924500DF889B /* URLS.swift in Sources */ = {isa = PBXBuildFile; fileRef = 3D9A6F7725C7924500DF889B /* URLS.swift */; };
		3D9A6F8325C7929400DF889B /* Dispatcher.swift in Sources */ = {isa = PBXBuildFile; fileRef = 3D9A6F8225C7929400DF889B /* Dispatcher.swift */; };
		3D9A6F8425C7929400DF889B /* Dispatcher.swift in Sources */ = {isa = PBXBuildFile; fileRef = 3D9A6F8225C7929400DF889B /* Dispatcher.swift */; };
		3D9A6F8525C7929400DF889B /* Dispatcher.swift in Sources */ = {isa = PBXBuildFile; fileRef = 3D9A6F8225C7929400DF889B /* Dispatcher.swift */; };
		3D9A6F8B25C794C100DF889B /* SearchController.swift in Sources */ = {isa = PBXBuildFile; fileRef = 3D9A6F8A25C794C100DF889B /* SearchController.swift */; };
		3D9A6F8C25C794C100DF889B /* SearchController.swift in Sources */ = {isa = PBXBuildFile; fileRef = 3D9A6F8A25C794C100DF889B /* SearchController.swift */; };
		3D9A6F8D25C794C100DF889B /* SearchController.swift in Sources */ = {isa = PBXBuildFile; fileRef = 3D9A6F8A25C794C100DF889B /* SearchController.swift */; };
		3D9A6F9625C7954300DF889B /* CellWithLastReq.swift in Sources */ = {isa = PBXBuildFile; fileRef = 3D9A6F9525C7954300DF889B /* CellWithLastReq.swift */; };
		3D9A6F9725C7954300DF889B /* CellWithLastReq.swift in Sources */ = {isa = PBXBuildFile; fileRef = 3D9A6F9525C7954300DF889B /* CellWithLastReq.swift */; };
		3D9A6F9825C7954300DF889B /* CellWithLastReq.swift in Sources */ = {isa = PBXBuildFile; fileRef = 3D9A6F9525C7954300DF889B /* CellWithLastReq.swift */; };
		3D9A6FA125C7958600DF889B /* UIViewExtensions.swift in Sources */ = {isa = PBXBuildFile; fileRef = 3D9A6FA025C7958600DF889B /* UIViewExtensions.swift */; };
		3D9A6FA225C7958600DF889B /* UIViewExtensions.swift in Sources */ = {isa = PBXBuildFile; fileRef = 3D9A6FA025C7958600DF889B /* UIViewExtensions.swift */; };
		3D9A6FA325C7958600DF889B /* UIViewExtensions.swift in Sources */ = {isa = PBXBuildFile; fileRef = 3D9A6FA025C7958600DF889B /* UIViewExtensions.swift */; };
		3D9A6FAC25C796B900DF889B /* MainCollectionViewControllerSearchController.swift in Sources */ = {isa = PBXBuildFile; fileRef = 3D9A6FAB25C796B900DF889B /* MainCollectionViewControllerSearchController.swift */; };
		3D9A6FAD25C796B900DF889B /* MainCollectionViewControllerSearchController.swift in Sources */ = {isa = PBXBuildFile; fileRef = 3D9A6FAB25C796B900DF889B /* MainCollectionViewControllerSearchController.swift */; };
		3D9A6FAE25C796B900DF889B /* MainCollectionViewControllerSearchController.swift in Sources */ = {isa = PBXBuildFile; fileRef = 3D9A6FAB25C796B900DF889B /* MainCollectionViewControllerSearchController.swift */; };
		3D9A6FB925C7975700DF889B /* Other_extensions_MainCollectionViewController.swift in Sources */ = {isa = PBXBuildFile; fileRef = 3D9A6FB825C7975700DF889B /* Other_extensions_MainCollectionViewController.swift */; };
		3D9A6FBA25C7975700DF889B /* Other_extensions_MainCollectionViewController.swift in Sources */ = {isa = PBXBuildFile; fileRef = 3D9A6FB825C7975700DF889B /* Other_extensions_MainCollectionViewController.swift */; };
		3D9A6FBB25C7975700DF889B /* Other_extensions_MainCollectionViewController.swift in Sources */ = {isa = PBXBuildFile; fileRef = 3D9A6FB825C7975700DF889B /* Other_extensions_MainCollectionViewController.swift */; };
		3D9A6FC025C7989800DF889B /* UIViewControllerExtensions.swift in Sources */ = {isa = PBXBuildFile; fileRef = 3D9A6FBF25C7989800DF889B /* UIViewControllerExtensions.swift */; };
		3D9A6FC125C7989800DF889B /* UIViewControllerExtensions.swift in Sources */ = {isa = PBXBuildFile; fileRef = 3D9A6FBF25C7989800DF889B /* UIViewControllerExtensions.swift */; };
		3D9A6FC225C7989800DF889B /* UIViewControllerExtensions.swift in Sources */ = {isa = PBXBuildFile; fileRef = 3D9A6FBF25C7989800DF889B /* UIViewControllerExtensions.swift */; };
		3D9A6FC725C798D500DF889B /* SceneDelegateExtension.swift in Sources */ = {isa = PBXBuildFile; fileRef = 3D9A6FC625C798D500DF889B /* SceneDelegateExtension.swift */; };
		3D9A6FC825C798D500DF889B /* SceneDelegateExtension.swift in Sources */ = {isa = PBXBuildFile; fileRef = 3D9A6FC625C798D500DF889B /* SceneDelegateExtension.swift */; };
		3D9A6FC925C798D500DF889B /* SceneDelegateExtension.swift in Sources */ = {isa = PBXBuildFile; fileRef = 3D9A6FC625C798D500DF889B /* SceneDelegateExtension.swift */; };
		3D9A6FD025C799B000DF889B /* NetworkIndicatorView.swift in Sources */ = {isa = PBXBuildFile; fileRef = 3D9A6FCF25C799B000DF889B /* NetworkIndicatorView.swift */; };
		3D9A6FD125C799B000DF889B /* NetworkIndicatorView.swift in Sources */ = {isa = PBXBuildFile; fileRef = 3D9A6FCF25C799B000DF889B /* NetworkIndicatorView.swift */; };
		3D9A6FD225C799B000DF889B /* NetworkIndicatorView.swift in Sources */ = {isa = PBXBuildFile; fileRef = 3D9A6FCF25C799B000DF889B /* NetworkIndicatorView.swift */; };
		3D9A6FDB25C799F700DF889B /* Indicators.swift in Sources */ = {isa = PBXBuildFile; fileRef = 3D9A6FDA25C799F700DF889B /* Indicators.swift */; };
		3D9A6FDC25C799F700DF889B /* Indicators.swift in Sources */ = {isa = PBXBuildFile; fileRef = 3D9A6FDA25C799F700DF889B /* Indicators.swift */; };
		3D9A6FDD25C799F700DF889B /* Indicators.swift in Sources */ = {isa = PBXBuildFile; fileRef = 3D9A6FDA25C799F700DF889B /* Indicators.swift */; };
		3D9A6FE925C79A6E00DF889B /* CGRectCenter.swift in Sources */ = {isa = PBXBuildFile; fileRef = 3D9A6FE825C79A6E00DF889B /* CGRectCenter.swift */; };
		3D9A6FEA25C79A6E00DF889B /* CGRectCenter.swift in Sources */ = {isa = PBXBuildFile; fileRef = 3D9A6FE825C79A6E00DF889B /* CGRectCenter.swift */; };
		3D9A6FEB25C79A6E00DF889B /* CGRectCenter.swift in Sources */ = {isa = PBXBuildFile; fileRef = 3D9A6FE825C79A6E00DF889B /* CGRectCenter.swift */; };
		3D9A6FF425C79AF700DF889B /* UIDeviceExtension.swift in Sources */ = {isa = PBXBuildFile; fileRef = 3D9A6FF325C79AF700DF889B /* UIDeviceExtension.swift */; };
		3D9A6FF525C79AF700DF889B /* UIDeviceExtension.swift in Sources */ = {isa = PBXBuildFile; fileRef = 3D9A6FF325C79AF700DF889B /* UIDeviceExtension.swift */; };
		3D9A6FF625C79AF700DF889B /* UIDeviceExtension.swift in Sources */ = {isa = PBXBuildFile; fileRef = 3D9A6FF325C79AF700DF889B /* UIDeviceExtension.swift */; };
		3D9A700E25C818D900DF889B /* MillisecondsToMinutes.swift in Sources */ = {isa = PBXBuildFile; fileRef = 3D9A700D25C818D900DF889B /* MillisecondsToMinutes.swift */; };
		3D9A701725C8191300DF889B /* StringFromTimeInterval.swift in Sources */ = {isa = PBXBuildFile; fileRef = 3D9A701625C8191300DF889B /* StringFromTimeInterval.swift */; };
		3D9A702425C81F0C00DF889B /* AlbumPageVC.swift in Sources */ = {isa = PBXBuildFile; fileRef = 3D9A702225C81F0C00DF889B /* AlbumPageVC.swift */; };
		3D9A702525C81F0C00DF889B /* AlbumPageVC.swift in Sources */ = {isa = PBXBuildFile; fileRef = 3D9A702225C81F0C00DF889B /* AlbumPageVC.swift */; };
		3D9A702625C81F0C00DF889B /* AlbumPageVC.swift in Sources */ = {isa = PBXBuildFile; fileRef = 3D9A702225C81F0C00DF889B /* AlbumPageVC.swift */; };
		3D9A702725C81F0C00DF889B /* AlbumPageVC.xib in Resources */ = {isa = PBXBuildFile; fileRef = 3D9A702325C81F0C00DF889B /* AlbumPageVC.xib */; };
		3D9A702825C81F0C00DF889B /* AlbumPageVC.xib in Resources */ = {isa = PBXBuildFile; fileRef = 3D9A702325C81F0C00DF889B /* AlbumPageVC.xib */; };
		3D9A702925C81F0C00DF889B /* AlbumPageVC.xib in Resources */ = {isa = PBXBuildFile; fileRef = 3D9A702325C81F0C00DF889B /* AlbumPageVC.xib */; };
		3D9A703125C81FA900DF889B /* AppleMusicBarButton.swift in Sources */ = {isa = PBXBuildFile; fileRef = 3D9A703025C81FA900DF889B /* AppleMusicBarButton.swift */; };
		3D9A703225C81FA900DF889B /* AppleMusicBarButton.swift in Sources */ = {isa = PBXBuildFile; fileRef = 3D9A703025C81FA900DF889B /* AppleMusicBarButton.swift */; };
		3D9A703325C81FA900DF889B /* AppleMusicBarButton.swift in Sources */ = {isa = PBXBuildFile; fileRef = 3D9A703025C81FA900DF889B /* AppleMusicBarButton.swift */; };
		3D9A703925C81FF800DF889B /* AudioPlayer.swift in Sources */ = {isa = PBXBuildFile; fileRef = 3D9A703825C81FF800DF889B /* AudioPlayer.swift */; };
		3D9A703A25C81FF800DF889B /* AudioPlayer.swift in Sources */ = {isa = PBXBuildFile; fileRef = 3D9A703825C81FF800DF889B /* AudioPlayer.swift */; };
		3D9A703B25C81FF800DF889B /* AudioPlayer.swift in Sources */ = {isa = PBXBuildFile; fileRef = 3D9A703825C81FF800DF889B /* AudioPlayer.swift */; };
		3D9A704725C8209600DF889B /* TableView_AlbumPageVC.swift in Sources */ = {isa = PBXBuildFile; fileRef = 3D9A704625C8209600DF889B /* TableView_AlbumPageVC.swift */; };
		3D9A704825C8209600DF889B /* TableView_AlbumPageVC.swift in Sources */ = {isa = PBXBuildFile; fileRef = 3D9A704625C8209600DF889B /* TableView_AlbumPageVC.swift */; };
		3D9A704925C8209600DF889B /* TableView_AlbumPageVC.swift in Sources */ = {isa = PBXBuildFile; fileRef = 3D9A704625C8209600DF889B /* TableView_AlbumPageVC.swift */; };
		3D9A706025C8211000DF889B /* AlbumPageVCCell.swift in Sources */ = {isa = PBXBuildFile; fileRef = 3D9A705E25C8211000DF889B /* AlbumPageVCCell.swift */; };
		3D9A706125C8211000DF889B /* AlbumPageVCCell.swift in Sources */ = {isa = PBXBuildFile; fileRef = 3D9A705E25C8211000DF889B /* AlbumPageVCCell.swift */; };
		3D9A706225C8211000DF889B /* AlbumPageVCCell.swift in Sources */ = {isa = PBXBuildFile; fileRef = 3D9A705E25C8211000DF889B /* AlbumPageVCCell.swift */; };
		3D9A706325C8211000DF889B /* AlbumPageVCCell.xib in Resources */ = {isa = PBXBuildFile; fileRef = 3D9A705F25C8211000DF889B /* AlbumPageVCCell.xib */; };
		3D9A706425C8211000DF889B /* AlbumPageVCCell.xib in Resources */ = {isa = PBXBuildFile; fileRef = 3D9A705F25C8211000DF889B /* AlbumPageVCCell.xib */; };
		3D9A706525C8211000DF889B /* AlbumPageVCCell.xib in Resources */ = {isa = PBXBuildFile; fileRef = 3D9A705F25C8211000DF889B /* AlbumPageVCCell.xib */; };
/* End PBXBuildFile section */

/* Begin PBXContainerItemProxy section */
		3D9A6E6025C6F1B100DF889B /* PBXContainerItemProxy */ = {
			isa = PBXContainerItemProxy;
			containerPortal = 3D9A6E4125C6F1B000DF889B /* Project object */;
			proxyType = 1;
			remoteGlobalIDString = 3D9A6E4825C6F1B000DF889B;
			remoteInfo = "ForaSoft-iTunes";
		};
		3D9A6E6B25C6F1B100DF889B /* PBXContainerItemProxy */ = {
			isa = PBXContainerItemProxy;
			containerPortal = 3D9A6E4125C6F1B000DF889B /* Project object */;
			proxyType = 1;
			remoteGlobalIDString = 3D9A6E4825C6F1B000DF889B;
			remoteInfo = "ForaSoft-iTunes";
		};
/* End PBXContainerItemProxy section */

/* Begin PBXFileReference section */
		3D9A6E4925C6F1B000DF889B /* ForaSoft-iTunes.app */ = {isa = PBXFileReference; explicitFileType = wrapper.application; includeInIndex = 0; path = "ForaSoft-iTunes.app"; sourceTree = BUILT_PRODUCTS_DIR; };
		3D9A6E4C25C6F1B000DF889B /* AppDelegate.swift */ = {isa = PBXFileReference; lastKnownFileType = sourcecode.swift; path = AppDelegate.swift; sourceTree = "<group>"; };
		3D9A6E4E25C6F1B000DF889B /* SceneDelegate.swift */ = {isa = PBXFileReference; lastKnownFileType = sourcecode.swift; path = SceneDelegate.swift; sourceTree = "<group>"; };
		3D9A6E5525C6F1B100DF889B /* Assets.xcassets */ = {isa = PBXFileReference; lastKnownFileType = folder.assetcatalog; path = Assets.xcassets; sourceTree = "<group>"; };
		3D9A6E5825C6F1B100DF889B /* Base */ = {isa = PBXFileReference; lastKnownFileType = file.storyboard; name = Base; path = Base.lproj/LaunchScreen.storyboard; sourceTree = "<group>"; };
		3D9A6E5A25C6F1B100DF889B /* Info.plist */ = {isa = PBXFileReference; lastKnownFileType = text.plist.xml; path = Info.plist; sourceTree = "<group>"; };
		3D9A6E5F25C6F1B100DF889B /* ForaSoft-iTunesTests.xctest */ = {isa = PBXFileReference; explicitFileType = wrapper.cfbundle; includeInIndex = 0; path = "ForaSoft-iTunesTests.xctest"; sourceTree = BUILT_PRODUCTS_DIR; };
		3D9A6E6325C6F1B100DF889B /* ForaSoft_iTunesTests.swift */ = {isa = PBXFileReference; lastKnownFileType = sourcecode.swift; path = ForaSoft_iTunesTests.swift; sourceTree = "<group>"; };
		3D9A6E6525C6F1B100DF889B /* Info.plist */ = {isa = PBXFileReference; lastKnownFileType = text.plist.xml; path = Info.plist; sourceTree = "<group>"; };
		3D9A6E6A25C6F1B100DF889B /* ForaSoft-iTunesUITests.xctest */ = {isa = PBXFileReference; explicitFileType = wrapper.cfbundle; includeInIndex = 0; path = "ForaSoft-iTunesUITests.xctest"; sourceTree = BUILT_PRODUCTS_DIR; };
		3D9A6E6E25C6F1B100DF889B /* ForaSoft_iTunesUITests.swift */ = {isa = PBXFileReference; lastKnownFileType = sourcecode.swift; path = ForaSoft_iTunesUITests.swift; sourceTree = "<group>"; };
		3D9A6E7025C6F1B100DF889B /* Info.plist */ = {isa = PBXFileReference; lastKnownFileType = text.plist.xml; path = Info.plist; sourceTree = "<group>"; };
		3D9A6E8925C74C2C00DF889B /* MainCollectionViewController.swift */ = {isa = PBXFileReference; lastKnownFileType = sourcecode.swift; path = MainCollectionViewController.swift; sourceTree = "<group>"; };
		3D9A6E9325C74C8A00DF889B /* NavigationViewController.swift */ = {isa = PBXFileReference; lastKnownFileType = sourcecode.swift; path = NavigationViewController.swift; sourceTree = "<group>"; };
		3D9A6F1825C7896B00DF889B /* AlbumCell.swift */ = {isa = PBXFileReference; lastKnownFileType = sourcecode.swift; path = AlbumCell.swift; sourceTree = "<group>"; };
		3D9A6F1925C7896B00DF889B /* AlbumCell.xib */ = {isa = PBXFileReference; lastKnownFileType = file.xib; path = AlbumCell.xib; sourceTree = "<group>"; };
		3D9A6F2825C78A1900DF889B /* Handler.swift */ = {isa = PBXFileReference; lastKnownFileType = sourcecode.swift; path = Handler.swift; sourceTree = "<group>"; };
		3D9A6F3325C78A9C00DF889B /* Album.swift */ = {isa = PBXFileReference; lastKnownFileType = sourcecode.swift; path = Album.swift; sourceTree = "<group>"; };
		3D9A6F3D25C78AB100DF889B /* Request.swift */ = {isa = PBXFileReference; lastKnownFileType = sourcecode.swift; path = Request.swift; sourceTree = "<group>"; };
		3D9A6F4425C78AC600DF889B /* Result.swift */ = {isa = PBXFileReference; lastKnownFileType = sourcecode.swift; path = Result.swift; sourceTree = "<group>"; };
		3D9A6F4B25C78AD700DF889B /* Track.swift */ = {isa = PBXFileReference; lastKnownFileType = sourcecode.swift; path = Track.swift; sourceTree = "<group>"; };
		3D9A6F5225C78B4200DF889B /* IdNib.swift */ = {isa = PBXFileReference; lastKnownFileType = sourcecode.swift; path = IdNib.swift; sourceTree = "<group>"; };
		3D9A6F5D25C791D000DF889B /* Storage.swift */ = {isa = PBXFileReference; lastKnownFileType = sourcecode.swift; path = Storage.swift; sourceTree = "<group>"; };
		3D9A6F6525C791FF00DF889B /* GETPOST.swift */ = {isa = PBXFileReference; lastKnownFileType = sourcecode.swift; path = GETPOST.swift; sourceTree = "<group>"; };
		3D9A6F6F25C7921E00DF889B /* API.swift */ = {isa = PBXFileReference; lastKnownFileType = sourcecode.swift; path = API.swift; sourceTree = "<group>"; };
		3D9A6F7725C7924500DF889B /* URLS.swift */ = {isa = PBXFileReference; lastKnownFileType = sourcecode.swift; path = URLS.swift; sourceTree = "<group>"; };
		3D9A6F8225C7929400DF889B /* Dispatcher.swift */ = {isa = PBXFileReference; lastKnownFileType = sourcecode.swift; path = Dispatcher.swift; sourceTree = "<group>"; };
		3D9A6F8A25C794C100DF889B /* SearchController.swift */ = {isa = PBXFileReference; lastKnownFileType = sourcecode.swift; path = SearchController.swift; sourceTree = "<group>"; };
		3D9A6F9525C7954300DF889B /* CellWithLastReq.swift */ = {isa = PBXFileReference; lastKnownFileType = sourcecode.swift; path = CellWithLastReq.swift; sourceTree = "<group>"; };
		3D9A6FA025C7958600DF889B /* UIViewExtensions.swift */ = {isa = PBXFileReference; lastKnownFileType = sourcecode.swift; path = UIViewExtensions.swift; sourceTree = "<group>"; };
		3D9A6FAB25C796B900DF889B /* MainCollectionViewControllerSearchController.swift */ = {isa = PBXFileReference; lastKnownFileType = sourcecode.swift; path = MainCollectionViewControllerSearchController.swift; sourceTree = "<group>"; };
		3D9A6FB825C7975700DF889B /* Other_extensions_MainCollectionViewController.swift */ = {isa = PBXFileReference; lastKnownFileType = sourcecode.swift; path = Other_extensions_MainCollectionViewController.swift; sourceTree = "<group>"; };
		3D9A6FBF25C7989800DF889B /* UIViewControllerExtensions.swift */ = {isa = PBXFileReference; lastKnownFileType = sourcecode.swift; path = UIViewControllerExtensions.swift; sourceTree = "<group>"; };
		3D9A6FC625C798D500DF889B /* SceneDelegateExtension.swift */ = {isa = PBXFileReference; lastKnownFileType = sourcecode.swift; path = SceneDelegateExtension.swift; sourceTree = "<group>"; };
		3D9A6FCF25C799B000DF889B /* NetworkIndicatorView.swift */ = {isa = PBXFileReference; lastKnownFileType = sourcecode.swift; path = NetworkIndicatorView.swift; sourceTree = "<group>"; };
		3D9A6FDA25C799F700DF889B /* Indicators.swift */ = {isa = PBXFileReference; lastKnownFileType = sourcecode.swift; path = Indicators.swift; sourceTree = "<group>"; };
		3D9A6FE825C79A6E00DF889B /* CGRectCenter.swift */ = {isa = PBXFileReference; lastKnownFileType = sourcecode.swift; path = CGRectCenter.swift; sourceTree = "<group>"; };
		3D9A6FF325C79AF700DF889B /* UIDeviceExtension.swift */ = {isa = PBXFileReference; lastKnownFileType = sourcecode.swift; path = UIDeviceExtension.swift; sourceTree = "<group>"; };
		3D9A700D25C818D900DF889B /* MillisecondsToMinutes.swift */ = {isa = PBXFileReference; lastKnownFileType = sourcecode.swift; path = MillisecondsToMinutes.swift; sourceTree = "<group>"; };
		3D9A701625C8191300DF889B /* StringFromTimeInterval.swift */ = {isa = PBXFileReference; lastKnownFileType = sourcecode.swift; path = StringFromTimeInterval.swift; sourceTree = "<group>"; };
		3D9A702225C81F0C00DF889B /* AlbumPageVC.swift */ = {isa = PBXFileReference; lastKnownFileType = sourcecode.swift; path = AlbumPageVC.swift; sourceTree = "<group>"; };
		3D9A702325C81F0C00DF889B /* AlbumPageVC.xib */ = {isa = PBXFileReference; lastKnownFileType = file.xib; path = AlbumPageVC.xib; sourceTree = "<group>"; };
		3D9A703025C81FA900DF889B /* AppleMusicBarButton.swift */ = {isa = PBXFileReference; lastKnownFileType = sourcecode.swift; path = AppleMusicBarButton.swift; sourceTree = "<group>"; };
		3D9A703825C81FF800DF889B /* AudioPlayer.swift */ = {isa = PBXFileReference; lastKnownFileType = sourcecode.swift; path = AudioPlayer.swift; sourceTree = "<group>"; };
		3D9A704625C8209600DF889B /* TableView_AlbumPageVC.swift */ = {isa = PBXFileReference; lastKnownFileType = sourcecode.swift; path = TableView_AlbumPageVC.swift; sourceTree = "<group>"; };
		3D9A705E25C8211000DF889B /* AlbumPageVCCell.swift */ = {isa = PBXFileReference; lastKnownFileType = sourcecode.swift; path = AlbumPageVCCell.swift; sourceTree = "<group>"; };
		3D9A705F25C8211000DF889B /* AlbumPageVCCell.xib */ = {isa = PBXFileReference; lastKnownFileType = file.xib; path = AlbumPageVCCell.xib; sourceTree = "<group>"; };
/* End PBXFileReference section */

/* Begin PBXFrameworksBuildPhase section */
		3D9A6E4625C6F1B000DF889B /* Frameworks */ = {
			isa = PBXFrameworksBuildPhase;
			buildActionMask = 2147483647;
			files = (
			);
			runOnlyForDeploymentPostprocessing = 0;
		};
		3D9A6E5C25C6F1B100DF889B /* Frameworks */ = {
			isa = PBXFrameworksBuildPhase;
			buildActionMask = 2147483647;
			files = (
			);
			runOnlyForDeploymentPostprocessing = 0;
		};
		3D9A6E6725C6F1B100DF889B /* Frameworks */ = {
			isa = PBXFrameworksBuildPhase;
			buildActionMask = 2147483647;
			files = (
			);
			runOnlyForDeploymentPostprocessing = 0;
		};
/* End PBXFrameworksBuildPhase section */

/* Begin PBXGroup section */
		3D9A6E4025C6F1B000DF889B = {
			isa = PBXGroup;
			children = (
				3D9A6E4B25C6F1B000DF889B /* ForaSoft-iTunes */,
				3D9A6E6225C6F1B100DF889B /* ForaSoft-iTunesTests */,
				3D9A6E6D25C6F1B100DF889B /* ForaSoft-iTunesUITests */,
				3D9A6E4A25C6F1B000DF889B /* Products */,
			);
			sourceTree = "<group>";
		};
		3D9A6E4A25C6F1B000DF889B /* Products */ = {
			isa = PBXGroup;
			children = (
				3D9A6E4925C6F1B000DF889B /* ForaSoft-iTunes.app */,
				3D9A6E5F25C6F1B100DF889B /* ForaSoft-iTunesTests.xctest */,
				3D9A6E6A25C6F1B100DF889B /* ForaSoft-iTunesUITests.xctest */,
			);
			name = Products;
			sourceTree = "<group>";
		};
		3D9A6E4B25C6F1B000DF889B /* ForaSoft-iTunes */ = {
			isa = PBXGroup;
			children = (
				3D9A6FCD25C7999A00DF889B /* Views */,
				3D9A6F6425C791E300DF889B /* API */,
				3D9A6F5C25C791C300DF889B /* Storage */,
				3D9A6F2625C789EE00DF889B /* Handlers */,
				3D9A6EF025C7627800DF889B /* Helpers */,
				3D9A6E8825C74BE800DF889B /* Controllers */,
				3D9A6E4C25C6F1B000DF889B /* AppDelegate.swift */,
				3D9A6E4E25C6F1B000DF889B /* SceneDelegate.swift */,
				3D9A6E5525C6F1B100DF889B /* Assets.xcassets */,
				3D9A6E5725C6F1B100DF889B /* LaunchScreen.storyboard */,
				3D9A6E5A25C6F1B100DF889B /* Info.plist */,
			);
			path = "ForaSoft-iTunes";
			sourceTree = "<group>";
		};
		3D9A6E6225C6F1B100DF889B /* ForaSoft-iTunesTests */ = {
			isa = PBXGroup;
			children = (
				3D9A6E6325C6F1B100DF889B /* ForaSoft_iTunesTests.swift */,
				3D9A6E6525C6F1B100DF889B /* Info.plist */,
			);
			path = "ForaSoft-iTunesTests";
			sourceTree = "<group>";
		};
		3D9A6E6D25C6F1B100DF889B /* ForaSoft-iTunesUITests */ = {
			isa = PBXGroup;
			children = (
				3D9A6E6E25C6F1B100DF889B /* ForaSoft_iTunesUITests.swift */,
				3D9A6E7025C6F1B100DF889B /* Info.plist */,
			);
			path = "ForaSoft-iTunesUITests";
			sourceTree = "<group>";
		};
		3D9A6E8825C74BE800DF889B /* Controllers */ = {
			isa = PBXGroup;
			children = (
				3D9A702125C81EE900DF889B /* AlbumPageVC */,
				3D9A6E9B25C74C9A00DF889B /* MainCollectionViewController */,
				3D9A6E9A25C74C9000DF889B /* NavigationViewController */,
				3D9A6F8925C7949D00DF889B /* SearchController */,
			);
			path = Controllers;
			sourceTree = "<group>";
		};
		3D9A6E9A25C74C9000DF889B /* NavigationViewController */ = {
			isa = PBXGroup;
			children = (
				3D9A6E9325C74C8A00DF889B /* NavigationViewController.swift */,
			);
			path = NavigationViewController;
			sourceTree = "<group>";
		};
		3D9A6E9B25C74C9A00DF889B /* MainCollectionViewController */ = {
			isa = PBXGroup;
			children = (
				3D9A6F1725C7892100DF889B /* AlbumCell */,
				3D9A706C25C8227000DF889B /* Extensions */,
				3D9A6E8925C74C2C00DF889B /* MainCollectionViewController.swift */,
			);
			path = MainCollectionViewController;
			sourceTree = "<group>";
		};
		3D9A6EF025C7627800DF889B /* Helpers */ = {
			isa = PBXGroup;
			children = (
				3D9A6F8225C7929400DF889B /* Dispatcher.swift */,
				3D9A6F5225C78B4200DF889B /* IdNib.swift */,
				3D9A6F9F25C7955A00DF889B /* Other Extensions */,
			);
			path = Helpers;
			sourceTree = "<group>";
		};
		3D9A6F1725C7892100DF889B /* AlbumCell */ = {
			isa = PBXGroup;
			children = (
				3D9A6F1825C7896B00DF889B /* AlbumCell.swift */,
				3D9A6F1925C7896B00DF889B /* AlbumCell.xib */,
			);
			path = AlbumCell;
			sourceTree = "<group>";
		};
		3D9A6F2625C789EE00DF889B /* Handlers */ = {
			isa = PBXGroup;
			children = (
				3D9A703725C81FF100DF889B /* AudioPlayer */,
				3D9A6F2725C789F500DF889B /* JSON */,
			);
			path = Handlers;
			sourceTree = "<group>";
		};
		3D9A6F2725C789F500DF889B /* JSON */ = {
			isa = PBXGroup;
			children = (
				3D9A6F3225C78A9100DF889B /* Codable */,
				3D9A6F2825C78A1900DF889B /* Handler.swift */,
			);
			path = JSON;
			sourceTree = "<group>";
		};
		3D9A6F3225C78A9100DF889B /* Codable */ = {
			isa = PBXGroup;
			children = (
				3D9A6F3325C78A9C00DF889B /* Album.swift */,
				3D9A6F3D25C78AB100DF889B /* Request.swift */,
				3D9A6F4425C78AC600DF889B /* Result.swift */,
				3D9A6F4B25C78AD700DF889B /* Track.swift */,
			);
			path = Codable;
			sourceTree = "<group>";
		};
		3D9A6F5C25C791C300DF889B /* Storage */ = {
			isa = PBXGroup;
			children = (
				3D9A6F5D25C791D000DF889B /* Storage.swift */,
			);
			path = Storage;
			sourceTree = "<group>";
		};
		3D9A6F6425C791E300DF889B /* API */ = {
			isa = PBXGroup;
			children = (
				3D9A6F7625C7923600DF889B /* URLS */,
				3D9A6F6525C791FF00DF889B /* GETPOST.swift */,
				3D9A6F6F25C7921E00DF889B /* API.swift */,
			);
			path = API;
			sourceTree = "<group>";
		};
		3D9A6F7625C7923600DF889B /* URLS */ = {
			isa = PBXGroup;
			children = (
				3D9A6F7725C7924500DF889B /* URLS.swift */,
			);
			path = URLS;
			sourceTree = "<group>";
		};
		3D9A6F8925C7949D00DF889B /* SearchController */ = {
			isa = PBXGroup;
			children = (
				3D9A6F9425C7952500DF889B /* CellWithLastReq */,
				3D9A6F8A25C794C100DF889B /* SearchController.swift */,
			);
			path = SearchController;
			sourceTree = "<group>";
		};
		3D9A6F9425C7952500DF889B /* CellWithLastReq */ = {
			isa = PBXGroup;
			children = (
				3D9A6F9525C7954300DF889B /* CellWithLastReq.swift */,
			);
			path = CellWithLastReq;
			sourceTree = "<group>";
		};
		3D9A6F9F25C7955A00DF889B /* Other Extensions */ = {
			isa = PBXGroup;
			children = (
				3D9A6FE725C79A5900DF889B /* CGRect */,
				3D9A700625C818CC00DF889B /* Int */,
				3D9A6FE625C79A4800DF889B /* SceneDelegate */,
				3D9A701525C8190100DF889B /* TimeInterval */,
				3D9A6FF225C79AE500DF889B /* UIDevice */,
				3D9A6FE525C79A3A00DF889B /* UIView */,
				3D9A6FE425C79A2E00DF889B /* UIViewController */,
			);
			path = "Other Extensions";
			sourceTree = "<group>";
		};
		3D9A6FAA25C796A300DF889B /* SearchControllerConfig */ = {
			isa = PBXGroup;
			children = (
				3D9A6FAB25C796B900DF889B /* MainCollectionViewControllerSearchController.swift */,
			);
			path = SearchControllerConfig;
			sourceTree = "<group>";
		};
		3D9A6FCD25C7999A00DF889B /* Views */ = {
			isa = PBXGroup;
			children = (
				3D9A6FD925C799D700DF889B /* Indicators */,
				3D9A703025C81FA900DF889B /* AppleMusicBarButton.swift */,
			);
			path = Views;
			sourceTree = "<group>";
		};
		3D9A6FCE25C799A900DF889B /* NetworkIndicatorView */ = {
			isa = PBXGroup;
			children = (
				3D9A6FCF25C799B000DF889B /* NetworkIndicatorView.swift */,
			);
			path = NetworkIndicatorView;
			sourceTree = "<group>";
		};
		3D9A6FD925C799D700DF889B /* Indicators */ = {
			isa = PBXGroup;
			children = (
				3D9A6FCE25C799A900DF889B /* NetworkIndicatorView */,
				3D9A6FDA25C799F700DF889B /* Indicators.swift */,
			);
			path = Indicators;
			sourceTree = "<group>";
		};
		3D9A6FE425C79A2E00DF889B /* UIViewController */ = {
			isa = PBXGroup;
			children = (
				3D9A6FBF25C7989800DF889B /* UIViewControllerExtensions.swift */,
			);
			path = UIViewController;
			sourceTree = "<group>";
		};
		3D9A6FE525C79A3A00DF889B /* UIView */ = {
			isa = PBXGroup;
			children = (
				3D9A6FA025C7958600DF889B /* UIViewExtensions.swift */,
			);
			path = UIView;
			sourceTree = "<group>";
		};
		3D9A6FE625C79A4800DF889B /* SceneDelegate */ = {
			isa = PBXGroup;
			children = (
				3D9A6FC625C798D500DF889B /* SceneDelegateExtension.swift */,
			);
			path = SceneDelegate;
			sourceTree = "<group>";
		};
		3D9A6FE725C79A5900DF889B /* CGRect */ = {
			isa = PBXGroup;
			children = (
				3D9A6FE825C79A6E00DF889B /* CGRectCenter.swift */,
			);
			path = CGRect;
			sourceTree = "<group>";
		};
		3D9A6FF225C79AE500DF889B /* UIDevice */ = {
			isa = PBXGroup;
			children = (
				3D9A6FF325C79AF700DF889B /* UIDeviceExtension.swift */,
			);
			path = UIDevice;
			sourceTree = "<group>";
		};
		3D9A700625C818CC00DF889B /* Int */ = {
			isa = PBXGroup;
			children = (
				3D9A700D25C818D900DF889B /* MillisecondsToMinutes.swift */,
			);
			path = Int;
			sourceTree = "<group>";
		};
		3D9A701525C8190100DF889B /* TimeInterval */ = {
			isa = PBXGroup;
			children = (
				3D9A701625C8191300DF889B /* StringFromTimeInterval.swift */,
			);
			path = TimeInterval;
			sourceTree = "<group>";
		};
		3D9A702125C81EE900DF889B /* AlbumPageVC */ = {
			isa = PBXGroup;
			children = (
				3D9A702225C81F0C00DF889B /* AlbumPageVC.swift */,
				3D9A702325C81F0C00DF889B /* AlbumPageVC.xib */,
				3D9A704525C8206E00DF889B /* TableView_AlbumPageVC */,
			);
			path = AlbumPageVC;
			sourceTree = "<group>";
		};
		3D9A703725C81FF100DF889B /* AudioPlayer */ = {
			isa = PBXGroup;
			children = (
				3D9A703825C81FF800DF889B /* AudioPlayer.swift */,
			);
			path = AudioPlayer;
			sourceTree = "<group>";
		};
		3D9A704525C8206E00DF889B /* TableView_AlbumPageVC */ = {
			isa = PBXGroup;
			children = (
				3D9A705025C820B300DF889B /* Cell */,
				3D9A704625C8209600DF889B /* TableView_AlbumPageVC.swift */,
			);
			path = TableView_AlbumPageVC;
			sourceTree = "<group>";
		};
		3D9A705025C820B300DF889B /* Cell */ = {
			isa = PBXGroup;
			children = (
				3D9A705E25C8211000DF889B /* AlbumPageVCCell.swift */,
				3D9A705F25C8211000DF889B /* AlbumPageVCCell.xib */,
			);
			path = Cell;
			sourceTree = "<group>";
		};
		3D9A706C25C8227000DF889B /* Extensions */ = {
			isa = PBXGroup;
			children = (
				3D9A6FAA25C796A300DF889B /* SearchControllerConfig */,
				3D9A6FB825C7975700DF889B /* Other_extensions_MainCollectionViewController.swift */,
			);
			path = Extensions;
			sourceTree = "<group>";
		};
/* End PBXGroup section */

/* Begin PBXNativeTarget section */
		3D9A6E4825C6F1B000DF889B /* ForaSoft-iTunes */ = {
			isa = PBXNativeTarget;
			buildConfigurationList = 3D9A6E7325C6F1B100DF889B /* Build configuration list for PBXNativeTarget "ForaSoft-iTunes" */;
			buildPhases = (
				3D9A6E4525C6F1B000DF889B /* Sources */,
				3D9A6E4625C6F1B000DF889B /* Frameworks */,
				3D9A6E4725C6F1B000DF889B /* Resources */,
			);
			buildRules = (
			);
			dependencies = (
			);
			name = "ForaSoft-iTunes";
			productName = "ForaSoft-iTunes";
			productReference = 3D9A6E4925C6F1B000DF889B /* ForaSoft-iTunes.app */;
			productType = "com.apple.product-type.application";
		};
		3D9A6E5E25C6F1B100DF889B /* ForaSoft-iTunesTests */ = {
			isa = PBXNativeTarget;
			buildConfigurationList = 3D9A6E7625C6F1B100DF889B /* Build configuration list for PBXNativeTarget "ForaSoft-iTunesTests" */;
			buildPhases = (
				3D9A6E5B25C6F1B100DF889B /* Sources */,
				3D9A6E5C25C6F1B100DF889B /* Frameworks */,
				3D9A6E5D25C6F1B100DF889B /* Resources */,
			);
			buildRules = (
			);
			dependencies = (
				3D9A6E6125C6F1B100DF889B /* PBXTargetDependency */,
			);
			name = "ForaSoft-iTunesTests";
			productName = "ForaSoft-iTunesTests";
			productReference = 3D9A6E5F25C6F1B100DF889B /* ForaSoft-iTunesTests.xctest */;
			productType = "com.apple.product-type.bundle.unit-test";
		};
		3D9A6E6925C6F1B100DF889B /* ForaSoft-iTunesUITests */ = {
			isa = PBXNativeTarget;
			buildConfigurationList = 3D9A6E7925C6F1B100DF889B /* Build configuration list for PBXNativeTarget "ForaSoft-iTunesUITests" */;
			buildPhases = (
				3D9A6E6625C6F1B100DF889B /* Sources */,
				3D9A6E6725C6F1B100DF889B /* Frameworks */,
				3D9A6E6825C6F1B100DF889B /* Resources */,
			);
			buildRules = (
			);
			dependencies = (
				3D9A6E6C25C6F1B100DF889B /* PBXTargetDependency */,
			);
			name = "ForaSoft-iTunesUITests";
			productName = "ForaSoft-iTunesUITests";
			productReference = 3D9A6E6A25C6F1B100DF889B /* ForaSoft-iTunesUITests.xctest */;
			productType = "com.apple.product-type.bundle.ui-testing";
		};
/* End PBXNativeTarget section */

/* Begin PBXProject section */
		3D9A6E4125C6F1B000DF889B /* Project object */ = {
			isa = PBXProject;
			attributes = {
				LastSwiftUpdateCheck = 1240;
				LastUpgradeCheck = 1240;
				TargetAttributes = {
					3D9A6E4825C6F1B000DF889B = {
						CreatedOnToolsVersion = 12.4;
					};
					3D9A6E5E25C6F1B100DF889B = {
						CreatedOnToolsVersion = 12.4;
						TestTargetID = 3D9A6E4825C6F1B000DF889B;
					};
					3D9A6E6925C6F1B100DF889B = {
						CreatedOnToolsVersion = 12.4;
						TestTargetID = 3D9A6E4825C6F1B000DF889B;
					};
				};
			};
			buildConfigurationList = 3D9A6E4425C6F1B000DF889B /* Build configuration list for PBXProject "ForaSoft-iTunes" */;
			compatibilityVersion = "Xcode 9.3";
			developmentRegion = en;
			hasScannedForEncodings = 0;
			knownRegions = (
				en,
				Base,
			);
			mainGroup = 3D9A6E4025C6F1B000DF889B;
			productRefGroup = 3D9A6E4A25C6F1B000DF889B /* Products */;
			projectDirPath = "";
			projectRoot = "";
			targets = (
				3D9A6E4825C6F1B000DF889B /* ForaSoft-iTunes */,
				3D9A6E5E25C6F1B100DF889B /* ForaSoft-iTunesTests */,
				3D9A6E6925C6F1B100DF889B /* ForaSoft-iTunesUITests */,
			);
		};
/* End PBXProject section */

/* Begin PBXResourcesBuildPhase section */
		3D9A6E4725C6F1B000DF889B /* Resources */ = {
			isa = PBXResourcesBuildPhase;
			buildActionMask = 2147483647;
			files = (
				3D9A6E5925C6F1B100DF889B /* LaunchScreen.storyboard in Resources */,
				3D9A6F1D25C7896B00DF889B /* AlbumCell.xib in Resources */,
				3D9A6E5625C6F1B100DF889B /* Assets.xcassets in Resources */,
				3D9A706325C8211000DF889B /* AlbumPageVCCell.xib in Resources */,
				3D9A702725C81F0C00DF889B /* AlbumPageVC.xib in Resources */,
			);
			runOnlyForDeploymentPostprocessing = 0;
		};
		3D9A6E5D25C6F1B100DF889B /* Resources */ = {
			isa = PBXResourcesBuildPhase;
			buildActionMask = 2147483647;
			files = (
				3D9A6F1E25C7896B00DF889B /* AlbumCell.xib in Resources */,
				3D9A706425C8211000DF889B /* AlbumPageVCCell.xib in Resources */,
				3D9A702825C81F0C00DF889B /* AlbumPageVC.xib in Resources */,
			);
			runOnlyForDeploymentPostprocessing = 0;
		};
		3D9A6E6825C6F1B100DF889B /* Resources */ = {
			isa = PBXResourcesBuildPhase;
			buildActionMask = 2147483647;
			files = (
				3D9A6F1F25C7896B00DF889B /* AlbumCell.xib in Resources */,
				3D9A706525C8211000DF889B /* AlbumPageVCCell.xib in Resources */,
				3D9A702925C81F0C00DF889B /* AlbumPageVC.xib in Resources */,
			);
			runOnlyForDeploymentPostprocessing = 0;
		};
/* End PBXResourcesBuildPhase section */

/* Begin PBXSourcesBuildPhase section */
		3D9A6E4525C6F1B000DF889B /* Sources */ = {
			isa = PBXSourcesBuildPhase;
			buildActionMask = 2147483647;
			files = (
				3D9A6FB925C7975700DF889B /* Other_extensions_MainCollectionViewController.swift in Sources */,
				3D9A6F4525C78AC600DF889B /* Result.swift in Sources */,
				3D9A6F6625C791FF00DF889B /* GETPOST.swift in Sources */,
				3D9A6F8325C7929400DF889B /* Dispatcher.swift in Sources */,
				3D9A6F4C25C78AD700DF889B /* Track.swift in Sources */,
				3D9A6F2925C78A1900DF889B /* Handler.swift in Sources */,
				3D9A6FAC25C796B900DF889B /* MainCollectionViewControllerSearchController.swift in Sources */,
				3D9A701725C8191300DF889B /* StringFromTimeInterval.swift in Sources */,
				3D9A704725C8209600DF889B /* TableView_AlbumPageVC.swift in Sources */,
				3D9A6F3E25C78AB100DF889B /* Request.swift in Sources */,
				3D9A6F5325C78B4200DF889B /* IdNib.swift in Sources */,
				3D9A6F7025C7921E00DF889B /* API.swift in Sources */,
				3D9A703925C81FF800DF889B /* AudioPlayer.swift in Sources */,
				3D9A6F5E25C791D000DF889B /* Storage.swift in Sources */,
				3D9A6E8A25C74C2C00DF889B /* MainCollectionViewController.swift in Sources */,
				3D9A702425C81F0C00DF889B /* AlbumPageVC.swift in Sources */,
				3D9A6FF425C79AF700DF889B /* UIDeviceExtension.swift in Sources */,
				3D9A6FC025C7989800DF889B /* UIViewControllerExtensions.swift in Sources */,
				3D9A6FA125C7958600DF889B /* UIViewExtensions.swift in Sources */,
				3D9A6F8B25C794C100DF889B /* SearchController.swift in Sources */,
				3D9A6E4D25C6F1B000DF889B /* AppDelegate.swift in Sources */,
				3D9A6F7825C7924500DF889B /* URLS.swift in Sources */,
				3D9A6FC725C798D500DF889B /* SceneDelegateExtension.swift in Sources */,
				3D9A6FDB25C799F700DF889B /* Indicators.swift in Sources */,
				3D9A6F1A25C7896B00DF889B /* AlbumCell.swift in Sources */,
				3D9A700E25C818D900DF889B /* MillisecondsToMinutes.swift in Sources */,
				3D9A6F9625C7954300DF889B /* CellWithLastReq.swift in Sources */,
				3D9A6E9425C74C8A00DF889B /* NavigationViewController.swift in Sources */,
				3D9A6FE925C79A6E00DF889B /* CGRectCenter.swift in Sources */,
				3D9A703125C81FA900DF889B /* AppleMusicBarButton.swift in Sources */,
				3D9A6F3425C78A9C00DF889B /* Album.swift in Sources */,
				3D9A706025C8211000DF889B /* AlbumPageVCCell.swift in Sources */,
				3D9A6E4F25C6F1B000DF889B /* SceneDelegate.swift in Sources */,
				3D9A6FD025C799B000DF889B /* NetworkIndicatorView.swift in Sources */,
			);
			runOnlyForDeploymentPostprocessing = 0;
		};
		3D9A6E5B25C6F1B100DF889B /* Sources */ = {
			isa = PBXSourcesBuildPhase;
			buildActionMask = 2147483647;
			files = (
				3D9A6E9525C74C8A00DF889B /* NavigationViewController.swift in Sources */,
				3D9A6FF525C79AF700DF889B /* UIDeviceExtension.swift in Sources */,
				3D9A6F7925C7924500DF889B /* URLS.swift in Sources */,
				3D9A6F5F25C791D000DF889B /* Storage.swift in Sources */,
				3D9A6FC825C798D500DF889B /* SceneDelegateExtension.swift in Sources */,
				3D9A6F6725C791FF00DF889B /* GETPOST.swift in Sources */,
				3D9A6E6425C6F1B100DF889B /* ForaSoft_iTunesTests.swift in Sources */,
				3D9A6F9725C7954300DF889B /* CellWithLastReq.swift in Sources */,
				3D9A6E8B25C74C2C00DF889B /* MainCollectionViewController.swift in Sources */,
				3D9A6FEA25C79A6E00DF889B /* CGRectCenter.swift in Sources */,
				3D9A702525C81F0C00DF889B /* AlbumPageVC.swift in Sources */,
				3D9A6FBA25C7975700DF889B /* Other_extensions_MainCollectionViewController.swift in Sources */,
				3D9A6FD125C799B000DF889B /* NetworkIndicatorView.swift in Sources */,
				3D9A6F2A25C78A1900DF889B /* Handler.swift in Sources */,
				3D9A6FDC25C799F700DF889B /* Indicators.swift in Sources */,
				3D9A6F3F25C78AB100DF889B /* Request.swift in Sources */,
				3D9A6F4D25C78AD700DF889B /* Track.swift in Sources */,
				3D9A6F7125C7921E00DF889B /* API.swift in Sources */,
				3D9A6F5425C78B4200DF889B /* IdNib.swift in Sources */,
				3D9A6FC125C7989800DF889B /* UIViewControllerExtensions.swift in Sources */,
				3D9A6F8C25C794C100DF889B /* SearchController.swift in Sources */,
				3D9A6F1B25C7896B00DF889B /* AlbumCell.swift in Sources */,
				3D9A6F4625C78AC600DF889B /* Result.swift in Sources */,
				3D9A706125C8211000DF889B /* AlbumPageVCCell.swift in Sources */,
				3D9A703A25C81FF800DF889B /* AudioPlayer.swift in Sources */,
				3D9A6F3525C78A9C00DF889B /* Album.swift in Sources */,
				3D9A703225C81FA900DF889B /* AppleMusicBarButton.swift in Sources */,
				3D9A6FA225C7958600DF889B /* UIViewExtensions.swift in Sources */,
				3D9A6FAD25C796B900DF889B /* MainCollectionViewControllerSearchController.swift in Sources */,
				3D9A6F8425C7929400DF889B /* Dispatcher.swift in Sources */,
				3D9A704825C8209600DF889B /* TableView_AlbumPageVC.swift in Sources */,
			);
			runOnlyForDeploymentPostprocessing = 0;
		};
		3D9A6E6625C6F1B100DF889B /* Sources */ = {
			isa = PBXSourcesBuildPhase;
			buildActionMask = 2147483647;
			files = (
				3D9A6E9625C74C8A00DF889B /* NavigationViewController.swift in Sources */,
				3D9A6FF625C79AF700DF889B /* UIDeviceExtension.swift in Sources */,
				3D9A6F7A25C7924500DF889B /* URLS.swift in Sources */,
				3D9A6F6025C791D000DF889B /* Storage.swift in Sources */,
				3D9A6FC925C798D500DF889B /* SceneDelegateExtension.swift in Sources */,
				3D9A6F6825C791FF00DF889B /* GETPOST.swift in Sources */,
				3D9A6E6F25C6F1B100DF889B /* ForaSoft_iTunesUITests.swift in Sources */,
				3D9A6F9825C7954300DF889B /* CellWithLastReq.swift in Sources */,
				3D9A6E8C25C74C2C00DF889B /* MainCollectionViewController.swift in Sources */,
				3D9A6FEB25C79A6E00DF889B /* CGRectCenter.swift in Sources */,
				3D9A702625C81F0C00DF889B /* AlbumPageVC.swift in Sources */,
				3D9A6FBB25C7975700DF889B /* Other_extensions_MainCollectionViewController.swift in Sources */,
				3D9A6FD225C799B000DF889B /* NetworkIndicatorView.swift in Sources */,
				3D9A6F2B25C78A1900DF889B /* Handler.swift in Sources */,
				3D9A6FDD25C799F700DF889B /* Indicators.swift in Sources */,
				3D9A6F4025C78AB100DF889B /* Request.swift in Sources */,
				3D9A6F4E25C78AD700DF889B /* Track.swift in Sources */,
				3D9A6F7225C7921E00DF889B /* API.swift in Sources */,
				3D9A6F5525C78B4200DF889B /* IdNib.swift in Sources */,
				3D9A6FC225C7989800DF889B /* UIViewControllerExtensions.swift in Sources */,
				3D9A6F8D25C794C100DF889B /* SearchController.swift in Sources */,
				3D9A6F1C25C7896B00DF889B /* AlbumCell.swift in Sources */,
				3D9A6F4725C78AC600DF889B /* Result.swift in Sources */,
				3D9A706225C8211000DF889B /* AlbumPageVCCell.swift in Sources */,
				3D9A703B25C81FF800DF889B /* AudioPlayer.swift in Sources */,
				3D9A6F3625C78A9C00DF889B /* Album.swift in Sources */,
				3D9A703325C81FA900DF889B /* AppleMusicBarButton.swift in Sources */,
				3D9A6FA325C7958600DF889B /* UIViewExtensions.swift in Sources */,
				3D9A6FAE25C796B900DF889B /* MainCollectionViewControllerSearchController.swift in Sources */,
				3D9A6F8525C7929400DF889B /* Dispatcher.swift in Sources */,
				3D9A704925C8209600DF889B /* TableView_AlbumPageVC.swift in Sources */,
			);
			runOnlyForDeploymentPostprocessing = 0;
		};
/* End PBXSourcesBuildPhase section */

/* Begin PBXTargetDependency section */
		3D9A6E6125C6F1B100DF889B /* PBXTargetDependency */ = {
			isa = PBXTargetDependency;
			target = 3D9A6E4825C6F1B000DF889B /* ForaSoft-iTunes */;
			targetProxy = 3D9A6E6025C6F1B100DF889B /* PBXContainerItemProxy */;
		};
		3D9A6E6C25C6F1B100DF889B /* PBXTargetDependency */ = {
			isa = PBXTargetDependency;
			target = 3D9A6E4825C6F1B000DF889B /* ForaSoft-iTunes */;
			targetProxy = 3D9A6E6B25C6F1B100DF889B /* PBXContainerItemProxy */;
		};
/* End PBXTargetDependency section */

/* Begin PBXVariantGroup section */
		3D9A6E5725C6F1B100DF889B /* LaunchScreen.storyboard */ = {
			isa = PBXVariantGroup;
			children = (
				3D9A6E5825C6F1B100DF889B /* Base */,
			);
			name = LaunchScreen.storyboard;
			sourceTree = "<group>";
		};
/* End PBXVariantGroup section */

/* Begin XCBuildConfiguration section */
		3D9A6E7125C6F1B100DF889B /* Debug */ = {
			isa = XCBuildConfiguration;
			buildSettings = {
				ALWAYS_SEARCH_USER_PATHS = NO;
				CLANG_ANALYZER_NONNULL = YES;
				CLANG_ANALYZER_NUMBER_OBJECT_CONVERSION = YES_AGGRESSIVE;
				CLANG_CXX_LANGUAGE_STANDARD = "gnu++14";
				CLANG_CXX_LIBRARY = "libc++";
				CLANG_ENABLE_MODULES = YES;
				CLANG_ENABLE_OBJC_ARC = YES;
				CLANG_ENABLE_OBJC_WEAK = YES;
				CLANG_WARN_BLOCK_CAPTURE_AUTORELEASING = YES;
				CLANG_WARN_BOOL_CONVERSION = YES;
				CLANG_WARN_COMMA = YES;
				CLANG_WARN_CONSTANT_CONVERSION = YES;
				CLANG_WARN_DEPRECATED_OBJC_IMPLEMENTATIONS = YES;
				CLANG_WARN_DIRECT_OBJC_ISA_USAGE = YES_ERROR;
				CLANG_WARN_DOCUMENTATION_COMMENTS = YES;
				CLANG_WARN_EMPTY_BODY = YES;
				CLANG_WARN_ENUM_CONVERSION = YES;
				CLANG_WARN_INFINITE_RECURSION = YES;
				CLANG_WARN_INT_CONVERSION = YES;
				CLANG_WARN_NON_LITERAL_NULL_CONVERSION = YES;
				CLANG_WARN_OBJC_IMPLICIT_RETAIN_SELF = YES;
				CLANG_WARN_OBJC_LITERAL_CONVERSION = YES;
				CLANG_WARN_OBJC_ROOT_CLASS = YES_ERROR;
				CLANG_WARN_QUOTED_INCLUDE_IN_FRAMEWORK_HEADER = YES;
				CLANG_WARN_RANGE_LOOP_ANALYSIS = YES;
				CLANG_WARN_STRICT_PROTOTYPES = YES;
				CLANG_WARN_SUSPICIOUS_MOVE = YES;
				CLANG_WARN_UNGUARDED_AVAILABILITY = YES_AGGRESSIVE;
				CLANG_WARN_UNREACHABLE_CODE = YES;
				CLANG_WARN__DUPLICATE_METHOD_MATCH = YES;
				COPY_PHASE_STRIP = NO;
				DEBUG_INFORMATION_FORMAT = dwarf;
				ENABLE_STRICT_OBJC_MSGSEND = YES;
				ENABLE_TESTABILITY = YES;
				GCC_C_LANGUAGE_STANDARD = gnu11;
				GCC_DYNAMIC_NO_PIC = NO;
				GCC_NO_COMMON_BLOCKS = YES;
				GCC_OPTIMIZATION_LEVEL = 0;
				GCC_PREPROCESSOR_DEFINITIONS = (
					"DEBUG=1",
					"$(inherited)",
				);
				GCC_WARN_64_TO_32_BIT_CONVERSION = YES;
				GCC_WARN_ABOUT_RETURN_TYPE = YES_ERROR;
				GCC_WARN_UNDECLARED_SELECTOR = YES;
				GCC_WARN_UNINITIALIZED_AUTOS = YES_AGGRESSIVE;
				GCC_WARN_UNUSED_FUNCTION = YES;
				GCC_WARN_UNUSED_VARIABLE = YES;
				IPHONEOS_DEPLOYMENT_TARGET = 13.0;
				MTL_ENABLE_DEBUG_INFO = INCLUDE_SOURCE;
				MTL_FAST_MATH = YES;
				ONLY_ACTIVE_ARCH = YES;
				SDKROOT = iphoneos;
				SWIFT_ACTIVE_COMPILATION_CONDITIONS = DEBUG;
				SWIFT_OPTIMIZATION_LEVEL = "-Onone";
			};
			name = Debug;
		};
		3D9A6E7225C6F1B100DF889B /* Release */ = {
			isa = XCBuildConfiguration;
			buildSettings = {
				ALWAYS_SEARCH_USER_PATHS = NO;
				CLANG_ANALYZER_NONNULL = YES;
				CLANG_ANALYZER_NUMBER_OBJECT_CONVERSION = YES_AGGRESSIVE;
				CLANG_CXX_LANGUAGE_STANDARD = "gnu++14";
				CLANG_CXX_LIBRARY = "libc++";
				CLANG_ENABLE_MODULES = YES;
				CLANG_ENABLE_OBJC_ARC = YES;
				CLANG_ENABLE_OBJC_WEAK = YES;
				CLANG_WARN_BLOCK_CAPTURE_AUTORELEASING = YES;
				CLANG_WARN_BOOL_CONVERSION = YES;
				CLANG_WARN_COMMA = YES;
				CLANG_WARN_CONSTANT_CONVERSION = YES;
				CLANG_WARN_DEPRECATED_OBJC_IMPLEMENTATIONS = YES;
				CLANG_WARN_DIRECT_OBJC_ISA_USAGE = YES_ERROR;
				CLANG_WARN_DOCUMENTATION_COMMENTS = YES;
				CLANG_WARN_EMPTY_BODY = YES;
				CLANG_WARN_ENUM_CONVERSION = YES;
				CLANG_WARN_INFINITE_RECURSION = YES;
				CLANG_WARN_INT_CONVERSION = YES;
				CLANG_WARN_NON_LITERAL_NULL_CONVERSION = YES;
				CLANG_WARN_OBJC_IMPLICIT_RETAIN_SELF = YES;
				CLANG_WARN_OBJC_LITERAL_CONVERSION = YES;
				CLANG_WARN_OBJC_ROOT_CLASS = YES_ERROR;
				CLANG_WARN_QUOTED_INCLUDE_IN_FRAMEWORK_HEADER = YES;
				CLANG_WARN_RANGE_LOOP_ANALYSIS = YES;
				CLANG_WARN_STRICT_PROTOTYPES = YES;
				CLANG_WARN_SUSPICIOUS_MOVE = YES;
				CLANG_WARN_UNGUARDED_AVAILABILITY = YES_AGGRESSIVE;
				CLANG_WARN_UNREACHABLE_CODE = YES;
				CLANG_WARN__DUPLICATE_METHOD_MATCH = YES;
				COPY_PHASE_STRIP = NO;
				DEBUG_INFORMATION_FORMAT = "dwarf-with-dsym";
				ENABLE_NS_ASSERTIONS = NO;
				ENABLE_STRICT_OBJC_MSGSEND = YES;
				GCC_C_LANGUAGE_STANDARD = gnu11;
				GCC_NO_COMMON_BLOCKS = YES;
				GCC_WARN_64_TO_32_BIT_CONVERSION = YES;
				GCC_WARN_ABOUT_RETURN_TYPE = YES_ERROR;
				GCC_WARN_UNDECLARED_SELECTOR = YES;
				GCC_WARN_UNINITIALIZED_AUTOS = YES_AGGRESSIVE;
				GCC_WARN_UNUSED_FUNCTION = YES;
				GCC_WARN_UNUSED_VARIABLE = YES;
				IPHONEOS_DEPLOYMENT_TARGET = 13.0;
				MTL_ENABLE_DEBUG_INFO = NO;
				MTL_FAST_MATH = YES;
				SDKROOT = iphoneos;
				SWIFT_COMPILATION_MODE = wholemodule;
				SWIFT_OPTIMIZATION_LEVEL = "-O";
				VALIDATE_PRODUCT = YES;
			};
			name = Release;
		};
		3D9A6E7425C6F1B100DF889B /* Debug */ = {
			isa = XCBuildConfiguration;
			buildSettings = {
				ASSETCATALOG_COMPILER_APPICON_NAME = AppIcon;
				ASSETCATALOG_COMPILER_GLOBAL_ACCENT_COLOR_NAME = AccentColor;
				CODE_SIGN_STYLE = Automatic;
				DEVELOPMENT_TEAM = KXDT64LHVB;
				INFOPLIST_FILE = "ForaSoft-iTunes/Info.plist";
				IPHONEOS_DEPLOYMENT_TARGET = 13.0;
				LD_RUNPATH_SEARCH_PATHS = (
					"$(inherited)",
					"@executable_path/Frameworks",
				);
				PRODUCT_BUNDLE_IDENTIFIER = "Sergey-Fedotov.ForaSoft-iTunes";
				PRODUCT_NAME = "$(TARGET_NAME)";
				SWIFT_VERSION = 5.0;
				TARGETED_DEVICE_FAMILY = 1;
			};
			name = Debug;
		};
		3D9A6E7525C6F1B100DF889B /* Release */ = {
			isa = XCBuildConfiguration;
			buildSettings = {
				ASSETCATALOG_COMPILER_APPICON_NAME = AppIcon;
				ASSETCATALOG_COMPILER_GLOBAL_ACCENT_COLOR_NAME = AccentColor;
				CODE_SIGN_STYLE = Automatic;
				DEVELOPMENT_TEAM = KXDT64LHVB;
				INFOPLIST_FILE = "ForaSoft-iTunes/Info.plist";
				IPHONEOS_DEPLOYMENT_TARGET = 13.0;
				LD_RUNPATH_SEARCH_PATHS = (
					"$(inherited)",
					"@executable_path/Frameworks",
				);
				PRODUCT_BUNDLE_IDENTIFIER = "Sergey-Fedotov.ForaSoft-iTunes";
				PRODUCT_NAME = "$(TARGET_NAME)";
				SWIFT_VERSION = 5.0;
				TARGETED_DEVICE_FAMILY = 1;
			};
			name = Release;
		};
		3D9A6E7725C6F1B100DF889B /* Debug */ = {
			isa = XCBuildConfiguration;
			buildSettings = {
				ALWAYS_EMBED_SWIFT_STANDARD_LIBRARIES = YES;
				BUNDLE_LOADER = "$(TEST_HOST)";
				CODE_SIGN_STYLE = Automatic;
				DEVELOPMENT_TEAM = KXDT64LHVB;
				INFOPLIST_FILE = "ForaSoft-iTunesTests/Info.plist";
				IPHONEOS_DEPLOYMENT_TARGET = 14.4;
				LD_RUNPATH_SEARCH_PATHS = (
					"$(inherited)",
					"@executable_path/Frameworks",
					"@loader_path/Frameworks",
				);
				PRODUCT_BUNDLE_IDENTIFIER = "Sergey-Fedotov.ForaSoft-iTunesTests";
				PRODUCT_NAME = "$(TARGET_NAME)";
				SWIFT_VERSION = 5.0;
				TARGETED_DEVICE_FAMILY = "1,2";
				TEST_HOST = "$(BUILT_PRODUCTS_DIR)/ForaSoft-iTunes.app/ForaSoft-iTunes";
			};
			name = Debug;
		};
		3D9A6E7825C6F1B100DF889B /* Release */ = {
			isa = XCBuildConfiguration;
			buildSettings = {
				ALWAYS_EMBED_SWIFT_STANDARD_LIBRARIES = YES;
				BUNDLE_LOADER = "$(TEST_HOST)";
				CODE_SIGN_STYLE = Automatic;
				DEVELOPMENT_TEAM = KXDT64LHVB;
				INFOPLIST_FILE = "ForaSoft-iTunesTests/Info.plist";
				IPHONEOS_DEPLOYMENT_TARGET = 14.4;
				LD_RUNPATH_SEARCH_PATHS = (
					"$(inherited)",
					"@executable_path/Frameworks",
					"@loader_path/Frameworks",
				);
				PRODUCT_BUNDLE_IDENTIFIER = "Sergey-Fedotov.ForaSoft-iTunesTests";
				PRODUCT_NAME = "$(TARGET_NAME)";
				SWIFT_VERSION = 5.0;
				TARGETED_DEVICE_FAMILY = "1,2";
				TEST_HOST = "$(BUILT_PRODUCTS_DIR)/ForaSoft-iTunes.app/ForaSoft-iTunes";
			};
			name = Release;
		};
		3D9A6E7A25C6F1B100DF889B /* Debug */ = {
			isa = XCBuildConfiguration;
			buildSettings = {
				ALWAYS_EMBED_SWIFT_STANDARD_LIBRARIES = YES;
				CODE_SIGN_STYLE = Automatic;
				DEVELOPMENT_TEAM = KXDT64LHVB;
				INFOPLIST_FILE = "ForaSoft-iTunesUITests/Info.plist";
				LD_RUNPATH_SEARCH_PATHS = (
					"$(inherited)",
					"@executable_path/Frameworks",
					"@loader_path/Frameworks",
				);
				PRODUCT_BUNDLE_IDENTIFIER = "Sergey-Fedotov.ForaSoft-iTunesUITests";
				PRODUCT_NAME = "$(TARGET_NAME)";
				SWIFT_VERSION = 5.0;
				TARGETED_DEVICE_FAMILY = "1,2";
				TEST_TARGET_NAME = "ForaSoft-iTunes";
			};
			name = Debug;
		};
		3D9A6E7B25C6F1B100DF889B /* Release */ = {
			isa = XCBuildConfiguration;
			buildSettings = {
				ALWAYS_EMBED_SWIFT_STANDARD_LIBRARIES = YES;
				CODE_SIGN_STYLE = Automatic;
				DEVELOPMENT_TEAM = KXDT64LHVB;
				INFOPLIST_FILE = "ForaSoft-iTunesUITests/Info.plist";
				LD_RUNPATH_SEARCH_PATHS = (
					"$(inherited)",
					"@executable_path/Frameworks",
					"@loader_path/Frameworks",
				);
				PRODUCT_BUNDLE_IDENTIFIER = "Sergey-Fedotov.ForaSoft-iTunesUITests";
				PRODUCT_NAME = "$(TARGET_NAME)";
				SWIFT_VERSION = 5.0;
				TARGETED_DEVICE_FAMILY = "1,2";
				TEST_TARGET_NAME = "ForaSoft-iTunes";
			};
			name = Release;
		};
/* End XCBuildConfiguration section */

/* Begin XCConfigurationList section */
		3D9A6E4425C6F1B000DF889B /* Build configuration list for PBXProject "ForaSoft-iTunes" */ = {
			isa = XCConfigurationList;
			buildConfigurations = (
				3D9A6E7125C6F1B100DF889B /* Debug */,
				3D9A6E7225C6F1B100DF889B /* Release */,
			);
			defaultConfigurationIsVisible = 0;
			defaultConfigurationName = Release;
		};
		3D9A6E7325C6F1B100DF889B /* Build configuration list for PBXNativeTarget "ForaSoft-iTunes" */ = {
			isa = XCConfigurationList;
			buildConfigurations = (
				3D9A6E7425C6F1B100DF889B /* Debug */,
				3D9A6E7525C6F1B100DF889B /* Release */,
			);
			defaultConfigurationIsVisible = 0;
			defaultConfigurationName = Release;
		};
		3D9A6E7625C6F1B100DF889B /* Build configuration list for PBXNativeTarget "ForaSoft-iTunesTests" */ = {
			isa = XCConfigurationList;
			buildConfigurations = (
				3D9A6E7725C6F1B100DF889B /* Debug */,
				3D9A6E7825C6F1B100DF889B /* Release */,
			);
			defaultConfigurationIsVisible = 0;
			defaultConfigurationName = Release;
		};
		3D9A6E7925C6F1B100DF889B /* Build configuration list for PBXNativeTarget "ForaSoft-iTunesUITests" */ = {
			isa = XCConfigurationList;
			buildConfigurations = (
				3D9A6E7A25C6F1B100DF889B /* Debug */,
				3D9A6E7B25C6F1B100DF889B /* Release */,
			);
			defaultConfigurationIsVisible = 0;
			defaultConfigurationName = Release;
		};
/* End XCConfigurationList section */
	};
	rootObject = 3D9A6E4125C6F1B000DF889B /* Project object */;
}
